
Microsoft Visual Studio Solution File, Format Version 12.00
# SQL Server Management Studio Version 21
VisualStudioVersion = 17.14.36414.22
MinimumVisualStudioVersion = 10.0.40219.1
Project("{54A90642-561A-4BB1-A94E-469ADEE60C69}") = "bookstore.client", "bookstore.client\bookstore.client.esproj", "{5C0070B4-49F6-906F-3F34-875F1CBF5335}"
EndProject
Project("{FAE04EC0-301F-11D3-BF4B-00C04F79EFBC}") = "bookstore.Server", "bookstore.Server\bookstore.Server.csproj", "{B3268290-21D7-449A-96FE-D889E11405E5}"
EndProject
Project("{FAE04EC0-301F-11D3-BF4B-00C04F79EFBC}") = "bookstore.Tests", "bookstore.Tests\bookstore.Tests.csproj", "{49F03493-76A8-417B-A70D-392827E5300D}"
EndProject
Global
	GlobalSection(SolutionConfigurationPlatforms) = preSolution
		Debug|Any CPU = Debug|Any CPU
		Debug|x64 = Debug|x64
		Debug|x86 = Debug|x86
		Default|Any CPU = Default|Any CPU
		Default|x64 = Default|x64
		Default|x86 = Default|x86
		Release|Any CPU = Release|Any CPU
		Release|x64 = Release|x64
		Release|x86 = Release|x86
	EndGlobalSection
	GlobalSection(ProjectConfigurationPlatforms) = postSolution
		{5C0070B4-49F6-906F-3F34-875F1CBF5335}.Debug|Any CPU.ActiveCfg = Debug|Any CPU
		{5C0070B4-49F6-906F-3F34-875F1CBF5335}.Debug|Any CPU.Build.0 = Debug|Any CPU
		{5C0070B4-49F6-906F-3F34-875F1CBF5335}.Debug|Any CPU.Deploy.0 = Debug|Any CPU
		{5C0070B4-49F6-906F-3F34-875F1CBF5335}.Debug|x64.ActiveCfg = Debug|x64
		{5C0070B4-49F6-906F-3F34-875F1CBF5335}.Debug|x86.ActiveCfg = Debug|x86
		{5C0070B4-49F6-906F-3F34-875F1CBF5335}.Default|Any CPU.ActiveCfg = Release|Any CPU
		{5C0070B4-49F6-906F-3F34-875F1CBF5335}.Default|x64.ActiveCfg = Release|x64
		{5C0070B4-49F6-906F-3F34-875F1CBF5335}.Default|x86.ActiveCfg = Release|x86
		{5C0070B4-49F6-906F-3F34-875F1CBF5335}.Release|Any CPU.ActiveCfg = Release|Any CPU
		{5C0070B4-49F6-906F-3F34-875F1CBF5335}.Release|Any CPU.Build.0 = Release|Any CPU
		{5C0070B4-49F6-906F-3F34-875F1CBF5335}.Release|Any CPU.Deploy.0 = Release|Any CPU
		{5C0070B4-49F6-906F-3F34-875F1CBF5335}.Release|x64.ActiveCfg = Release|x64
		{5C0070B4-49F6-906F-3F34-875F1CBF5335}.Release|x86.ActiveCfg = Release|x86
		{B3268290-21D7-449A-96FE-D889E11405E5}.Debug|Any CPU.ActiveCfg = Debug|Any CPU
		{B3268290-21D7-449A-96FE-D889E11405E5}.Debug|Any CPU.Build.0 = Debug|Any CPU
		{B3268290-21D7-449A-96FE-D889E11405E5}.Debug|x64.ActiveCfg = Debug|Any CPU
		{B3268290-21D7-449A-96FE-D889E11405E5}.Debug|x64.Build.0 = Debug|Any CPU
		{B3268290-21D7-449A-96FE-D889E11405E5}.Debug|x86.ActiveCfg = Debug|Any CPU
		{B3268290-21D7-449A-96FE-D889E11405E5}.Debug|x86.Build.0 = Debug|Any CPU
		{B3268290-21D7-449A-96FE-D889E11405E5}.Default|Any CPU.ActiveCfg = Release|Any CPU
		{B3268290-21D7-449A-96FE-D889E11405E5}.Default|x64.ActiveCfg = Release|Any CPU
		{B3268290-21D7-449A-96FE-D889E11405E5}.Default|x86.ActiveCfg = Release|Any CPU
		{B3268290-21D7-449A-96FE-D889E11405E5}.Release|Any CPU.ActiveCfg = Release|Any CPU
		{B3268290-21D7-449A-96FE-D889E11405E5}.Release|Any CPU.Build.0 = Release|Any CPU
		{B3268290-21D7-449A-96FE-D889E11405E5}.Release|x64.ActiveCfg = Release|Any CPU
		{B3268290-21D7-449A-96FE-D889E11405E5}.Release|x64.Build.0 = Release|Any CPU
		{B3268290-21D7-449A-96FE-D889E11405E5}.Release|x86.ActiveCfg = Release|Any CPU
		{B3268290-21D7-449A-96FE-D889E11405E5}.Release|x86.Build.0 = Release|Any CPU
		{49F03493-76A8-417B-A70D-392827E5300D}.Debug|Any CPU.ActiveCfg = Debug|Any CPU
		{49F03493-76A8-417B-A70D-392827E5300D}.Debug|Any CPU.Build.0 = Debug|Any CPU
		{49F03493-76A8-417B-A70D-392827E5300D}.Debug|x64.ActiveCfg = Debug|Any CPU
		{49F03493-76A8-417B-A70D-392827E5300D}.Debug|x64.Build.0 = Debug|Any CPU
		{49F03493-76A8-417B-A70D-392827E5300D}.Debug|x86.ActiveCfg = Debug|Any CPU
		{49F03493-76A8-417B-A70D-392827E5300D}.Debug|x86.Build.0 = Debug|Any CPU
		{49F03493-76A8-417B-A70D-392827E5300D}.Default|Any CPU.ActiveCfg = Release|Any CPU
		{49F03493-76A8-417B-A70D-392827E5300D}.Default|x64.ActiveCfg = Release|Any CPU
		{49F03493-76A8-417B-A70D-392827E5300D}.Default|x86.ActiveCfg = Release|Any CPU
		{49F03493-76A8-417B-A70D-392827E5300D}.Release|Any CPU.ActiveCfg = Release|Any CPU
		{49F03493-76A8-417B-A70D-392827E5300D}.Release|Any CPU.Build.0 = Release|Any CPU
		{49F03493-76A8-417B-A70D-392827E5300D}.Release|x64.ActiveCfg = Release|Any CPU
		{49F03493-76A8-417B-A70D-392827E5300D}.Release|x64.Build.0 = Release|Any CPU
		{49F03493-76A8-417B-A70D-392827E5300D}.Release|x86.ActiveCfg = Release|Any CPU
		{49F03493-76A8-417B-A70D-392827E5300D}.Release|x86.Build.0 = Release|Any CPU
		{87A548FD-1B01-455C-8E52-DC082AD25731}.Debug|Any CPU.ActiveCfg = Default
		{87A548FD-1B01-455C-8E52-DC082AD25731}.Debug|x64.ActiveCfg = Default
		{87A548FD-1B01-455C-8E52-DC082AD25731}.Debug|x86.ActiveCfg = Default
		{87A548FD-1B01-455C-8E52-DC082AD25731}.Default|Any CPU.ActiveCfg = Default
		{87A548FD-1B01-455C-8E52-DC082AD25731}.Default|x64.ActiveCfg = Default
		{87A548FD-1B01-455C-8E52-DC082AD25731}.Default|x86.ActiveCfg = Default
		{87A548FD-1B01-455C-8E52-DC082AD25731}.Release|Any CPU.ActiveCfg = Default
		{87A548FD-1B01-455C-8E52-DC082AD25731}.Release|x64.ActiveCfg = Default
		{87A548FD-1B01-455C-8E52-DC082AD25731}.Release|x86.ActiveCfg = Default
	EndGlobalSection
	GlobalSection(SolutionProperties) = preSolution
		HideSolutionNode = FALSE
	EndGlobalSection
	GlobalSection(ExtensibilityGlobals) = postSolution
		SolutionGuid = {86B28C2D-E91C-437C-B871-3D81794C0948}
	EndGlobalSection
EndGlobal
